
Microsoft Visual Studio Solution File, Format Version 12.00
# Visual Studio Version 17
VisualStudioVersion = 17.5.33530.505
MinimumVisualStudioVersion = 10.0.40219.1
Project("{9A19103F-16F7-4668-BE54-9A1E7A4F7556}") = "Ficus_App", "Ficus_App.csproj", "{35EF7E97-3E97-4D8F-8611-8504748214CB}"
EndProject
Global
	GlobalSection(SolutionConfigurationPlatforms) = preSolution
		Debug|Any CPU = Debug|Any CPU
		Release|Any CPU = Release|Any CPU
	EndGlobalSection
	GlobalSection(ProjectConfigurationPlatforms) = postSolution
		{35EF7E97-3E97-4D8F-8611-8504748214CB}.Debug|Any CPU.ActiveCfg = Debug|Any CPU
		{35EF7E97-3E97-4D8F-8611-8504748214CB}.Debug|Any CPU.Build.0 = Debug|Any CPU
		{35EF7E97-3E97-4D8F-8611-8504748214CB}.Release|Any CPU.ActiveCfg = Release|Any CPU
		{35EF7E97-3E97-4D8F-8611-8504748214CB}.Release|Any CPU.Build.0 = Release|Any CPU
	EndGlobalSection
	GlobalSection(SolutionProperties) = preSolution
		HideSolutionNode = FALSE
	EndGlobalSection
	GlobalSection(ExtensibilityGlobals) = postSolution
		SolutionGuid = {FAA5DC99-7DF1-4D9F-A21E-F75F670B6CB6}
	EndGlobalSection
EndGlobal
